
Microsoft Visual Studio Solution File, Format Version 12.00
# Visual Studio Version 17
VisualStudioVersion = 17.5.33627.172
MinimumVisualStudioVersion = 10.0.40219.1
Project("{8BC9CEB8-8B4A-11D0-8D11-00A0C91BC942}") = "C++01", "C++01\C++01.vcxproj", "{37253308-D0F4-4CFB-8992-8688A2817A52}"
EndProject
Project("{8BC9CEB8-8B4A-11D0-8D11-00A0C91BC942}") = "通讯录管理系统", "通讯录管理系统\通讯录管理系统.vcxproj", "{4B4A623D-45EF-4273-8C68-25558512DD96}"
EndProject
Project("{8BC9CEB8-8B4A-11D0-8D11-00A0C91BC942}") = "C++02", "C++02、\C++02、.vcxproj", "{79C010EA-2163-4733-B907-34D1F6E4A5CE}"
EndProject
Project("{8BC9CEB8-8B4A-11D0-8D11-00A0C91BC942}") = "C++03", "C++03\C++03.vcxproj", "{AA9AA3E0-C625-4116-9432-07227069BA53}"
EndProject
Project("{8BC9CEB8-8B4A-11D0-8D11-00A0C91BC942}") = "C++04", "C++04\C++04.vcxproj", "{3A74476E-6A08-461E-BB27-840DA03BE2AE}"
EndProject
Project("{8BC9CEB8-8B4A-11D0-8D11-00A0C91BC942}") = "c++05", "c++05\c++05.vcxproj", "{747D3636-2E3B-4473-83A7-1A8BA34C7364}"
EndProject
Project("{8BC9CEB8-8B4A-11D0-8D11-00A0C91BC942}") = "C++06", "C++06\C++06.vcxproj", "{3F158CEA-BA64-4B8A-8D3A-65797693185C}"
EndProject
Project("{8BC9CEB8-8B4A-11D0-8D11-00A0C91BC942}") = "c++07_lifeTime", "c++07_lifeTime\c++07_lifeTime.vcxproj", "{82425D46-3758-4294-931E-E86F7E67F29A}"
EndProject
Global
	GlobalSection(SolutionConfigurationPlatforms) = preSolution
		Debug|x64 = Debug|x64
		Debug|x86 = Debug|x86
		Release|x64 = Release|x64
		Release|x86 = Release|x86
	EndGlobalSection
	GlobalSection(ProjectConfigurationPlatforms) = postSolution
		{37253308-D0F4-4CFB-8992-8688A2817A52}.Debug|x64.ActiveCfg = Debug|x64
		{37253308-D0F4-4CFB-8992-8688A2817A52}.Debug|x64.Build.0 = Debug|x64
		{37253308-D0F4-4CFB-8992-8688A2817A52}.Debug|x86.ActiveCfg = Debug|Win32
		{37253308-D0F4-4CFB-8992-8688A2817A52}.Debug|x86.Build.0 = Debug|Win32
		{37253308-D0F4-4CFB-8992-8688A2817A52}.Release|x64.ActiveCfg = Release|x64
		{37253308-D0F4-4CFB-8992-8688A2817A52}.Release|x64.Build.0 = Release|x64
		{37253308-D0F4-4CFB-8992-8688A2817A52}.Release|x86.ActiveCfg = Release|Win32
		{37253308-D0F4-4CFB-8992-8688A2817A52}.Release|x86.Build.0 = Release|Win32
		{4B4A623D-45EF-4273-8C68-25558512DD96}.Debug|x64.ActiveCfg = Debug|x64
		{4B4A623D-45EF-4273-8C68-25558512DD96}.Debug|x64.Build.0 = Debug|x64
		{4B4A623D-45EF-4273-8C68-25558512DD96}.Debug|x86.ActiveCfg = Debug|Win32
		{4B4A623D-45EF-4273-8C68-25558512DD96}.Debug|x86.Build.0 = Debug|Win32
		{4B4A623D-45EF-4273-8C68-25558512DD96}.Release|x64.ActiveCfg = Release|x64
		{4B4A623D-45EF-4273-8C68-25558512DD96}.Release|x64.Build.0 = Release|x64
		{4B4A623D-45EF-4273-8C68-25558512DD96}.Release|x86.ActiveCfg = Release|Win32
		{4B4A623D-45EF-4273-8C68-25558512DD96}.Release|x86.Build.0 = Release|Win32
		{79C010EA-2163-4733-B907-34D1F6E4A5CE}.Debug|x64.ActiveCfg = Debug|x64
		{79C010EA-2163-4733-B907-34D1F6E4A5CE}.Debug|x64.Build.0 = Debug|x64
		{79C010EA-2163-4733-B907-34D1F6E4A5CE}.Debug|x86.ActiveCfg = Debug|Win32
		{79C010EA-2163-4733-B907-34D1F6E4A5CE}.Debug|x86.Build.0 = Debug|Win32
		{79C010EA-2163-4733-B907-34D1F6E4A5CE}.Release|x64.ActiveCfg = Release|x64
		{79C010EA-2163-4733-B907-34D1F6E4A5CE}.Release|x64.Build.0 = Release|x64
		{79C010EA-2163-4733-B907-34D1F6E4A5CE}.Release|x86.ActiveCfg = Release|Win32
		{79C010EA-2163-4733-B907-34D1F6E4A5CE}.Release|x86.Build.0 = Release|Win32
		{AA9AA3E0-C625-4116-9432-07227069BA53}.Debug|x64.ActiveCfg = Debug|x64
		{AA9AA3E0-C625-4116-9432-07227069BA53}.Debug|x64.Build.0 = Debug|x64
		{AA9AA3E0-C625-4116-9432-07227069BA53}.Debug|x86.ActiveCfg = Debug|Win32
		{AA9AA3E0-C625-4116-9432-07227069BA53}.Debug|x86.Build.0 = Debug|Win32
		{AA9AA3E0-C625-4116-9432-07227069BA53}.Release|x64.ActiveCfg = Release|x64
		{AA9AA3E0-C625-4116-9432-07227069BA53}.Release|x64.Build.0 = Release|x64
		{AA9AA3E0-C625-4116-9432-07227069BA53}.Release|x86.ActiveCfg = Release|Win32
		{AA9AA3E0-C625-4116-9432-07227069BA53}.Release|x86.Build.0 = Release|Win32
		{3A74476E-6A08-461E-BB27-840DA03BE2AE}.Debug|x64.ActiveCfg = Debug|x64
		{3A74476E-6A08-461E-BB27-840DA03BE2AE}.Debug|x64.Build.0 = Debug|x64
		{3A74476E-6A08-461E-BB27-840DA03BE2AE}.Debug|x86.ActiveCfg = Debug|Win32
		{3A74476E-6A08-461E-BB27-840DA03BE2AE}.Debug|x86.Build.0 = Debug|Win32
		{3A74476E-6A08-461E-BB27-840DA03BE2AE}.Release|x64.ActiveCfg = Release|x64
		{3A74476E-6A08-461E-BB27-840DA03BE2AE}.Release|x64.Build.0 = Release|x64
		{3A74476E-6A08-461E-BB27-840DA03BE2AE}.Release|x86.ActiveCfg = Release|Win32
		{3A74476E-6A08-461E-BB27-840DA03BE2AE}.Release|x86.Build.0 = Release|Win32
		{747D3636-2E3B-4473-83A7-1A8BA34C7364}.Debug|x64.ActiveCfg = Debug|x64
		{747D3636-2E3B-4473-83A7-1A8BA34C7364}.Debug|x64.Build.0 = Debug|x64
		{747D3636-2E3B-4473-83A7-1A8BA34C7364}.Debug|x86.ActiveCfg = Debug|Win32
		{747D3636-2E3B-4473-83A7-1A8BA34C7364}.Debug|x86.Build.0 = Debug|Win32
		{747D3636-2E3B-4473-83A7-1A8BA34C7364}.Release|x64.ActiveCfg = Release|x64
		{747D3636-2E3B-4473-83A7-1A8BA34C7364}.Release|x64.Build.0 = Release|x64
		{747D3636-2E3B-4473-83A7-1A8BA34C7364}.Release|x86.ActiveCfg = Release|Win32
		{747D3636-2E3B-4473-83A7-1A8BA34C7364}.Release|x86.Build.0 = Release|Win32
		{3F158CEA-BA64-4B8A-8D3A-65797693185C}.Debug|x64.ActiveCfg = Debug|x64
		{3F158CEA-BA64-4B8A-8D3A-65797693185C}.Debug|x64.Build.0 = Debug|x64
		{3F158CEA-BA64-4B8A-8D3A-65797693185C}.Debug|x86.ActiveCfg = Debug|Win32
		{3F158CEA-BA64-4B8A-8D3A-65797693185C}.Debug|x86.Build.0 = Debug|Win32
		{3F158CEA-BA64-4B8A-8D3A-65797693185C}.Release|x64.ActiveCfg = Release|x64
		{3F158CEA-BA64-4B8A-8D3A-65797693185C}.Release|x64.Build.0 = Release|x64
		{3F158CEA-BA64-4B8A-8D3A-65797693185C}.Release|x86.ActiveCfg = Release|Win32
		{3F158CEA-BA64-4B8A-8D3A-65797693185C}.Release|x86.Build.0 = Release|Win32
		{82425D46-3758-4294-931E-E86F7E67F29A}.Debug|x64.ActiveCfg = Debug|x64
		{82425D46-3758-4294-931E-E86F7E67F29A}.Debug|x64.Build.0 = Debug|x64
		{82425D46-3758-4294-931E-E86F7E67F29A}.Debug|x86.ActiveCfg = Debug|Win32
		{82425D46-3758-4294-931E-E86F7E67F29A}.Debug|x86.Build.0 = Debug|Win32
		{82425D46-3758-4294-931E-E86F7E67F29A}.Release|x64.ActiveCfg = Release|x64
		{82425D46-3758-4294-931E-E86F7E67F29A}.Release|x64.Build.0 = Release|x64
		{82425D46-3758-4294-931E-E86F7E67F29A}.Release|x86.ActiveCfg = Release|Win32
		{82425D46-3758-4294-931E-E86F7E67F29A}.Release|x86.Build.0 = Release|Win32
	EndGlobalSection
	GlobalSection(SolutionProperties) = preSolution
		HideSolutionNode = FALSE
	EndGlobalSection
	GlobalSection(ExtensibilityGlobals) = postSolution
		SolutionGuid = {824887F9-613A-4786-A2E2-F26DBDE22065}
	EndGlobalSection
EndGlobal
